
Microsoft Visual Studio Solution File, Format Version 12.00
# Visual Studio Version 17
VisualStudioVersion = 17.7.34031.279
MinimumVisualStudioVersion = 10.0.40219.1
Project("{FAE04EC0-301F-11D3-BF4B-00C04F79EFBC}") = "TeeknikServis", "TeeknikServis\TeeknikServis.csproj", "{DE2FEC57-28A6-47EE-861E-6803BA9EDA63}"
EndProject
Global
	GlobalSection(SolutionConfigurationPlatforms) = preSolution
		Debug|Any CPU = Debug|Any CPU
		Release|Any CPU = Release|Any CPU
	EndGlobalSection
	GlobalSection(ProjectConfigurationPlatforms) = postSolution
		{DE2FEC57-28A6-47EE-861E-6803BA9EDA63}.Debug|Any CPU.ActiveCfg = Debug|Any CPU
		{DE2FEC57-28A6-47EE-861E-6803BA9EDA63}.Debug|Any CPU.Build.0 = Debug|Any CPU
		{DE2FEC57-28A6-47EE-861E-6803BA9EDA63}.Release|Any CPU.ActiveCfg = Release|Any CPU
		{DE2FEC57-28A6-47EE-861E-6803BA9EDA63}.Release|Any CPU.Build.0 = Release|Any CPU
	EndGlobalSection
	GlobalSection(SolutionProperties) = preSolution
		HideSolutionNode = FALSE
	EndGlobalSection
	GlobalSection(ExtensibilityGlobals) = postSolution
		SolutionGuid = {54642A5D-F89F-433F-8B13-09668B813AFB}
	EndGlobalSection
EndGlobal
